{
  "name": "ifl-ts",
  "version": "1.0.0",
  "lockfileVersion": 2,
  "requires": true,
  "packages": {
    "": {
      "name": "ifl-ts",
      "version": "1.0.0",
      "license": "ISC",
      "dependencies": {
        "@types/lodash": "^4.14.176",
        "lodash": "^4.17.21",
        "typescript": "^4.4.4"
      }
    },
    "node_modules/@types/lodash": {
      "version": "4.14.176",
      "resolved": "https://registry.npmjs.org/@types/lodash/-/lodash-4.14.176.tgz",
      "integrity": "sha512-xZmuPTa3rlZoIbtDUyJKZQimJV3bxCmzMIO2c9Pz9afyDro6kr7R79GwcB6mRhuoPmV2p1Vb66WOJH7F886WKQ=="
    },
    "node_modules/lodash": {
      "version": "4.17.21",
      "resolved": "https://registry.npmjs.org/lodash/-/lodash-4.17.21.tgz",
      "integrity": "sha512-v2kDEe57lecTulaDIuNTPy3Ry4gLGJ6Z1O3vE1krgXZNrsQ+LFTGHVxVjcXPs17LhbZVGedAJv8XZ1tvj5FvSg=="
    },
    "node_modules/typescript": {
      "version": "4.4.4",
      "resolved": "https://registry.npmjs.org/typescript/-/typescript-4.4.4.tgz",
      "integrity": "sha512-DqGhF5IKoBl8WNf8C1gu8q0xZSInh9j1kJJMqT3a94w1JzVaBU4EXOSMrz9yDqMT0xt3selp83fuFMQ0uzv6qA==",
      "bin": {
        "tsc": "bin/tsc",
        "tsserver": "bin/tsserver"
      },
      "engines": {
        "node": ">=4.2.0"
      }
    }
  },
  "dependencies": {
    "@types/lodash": {
      "version": "4.14.176",
      "resolved": "https://registry.npmjs.org/@types/lodash/-/lodash-4.14.176.tgz",
      "integrity": "sha512-xZmuPTa3rlZoIbtDUyJKZQimJV3bxCmzMIO2c9Pz9afyDro6kr7R79GwcB6mRhuoPmV2p1Vb66WOJH7F886WKQ=="
    },
    "lodash": {
      "version": "4.17.21",
      "resolved": "https://registry.npmjs.org/lodash/-/lodash-4.17.21.tgz",
      "integrity": "sha512-v2kDEe57lecTulaDIuNTPy3Ry4gLGJ6Z1O3vE1krgXZNrsQ+LFTGHVxVjcXPs17LhbZVGedAJv8XZ1tvj5FvSg=="
    },
    "typescript": {
      "version": "4.4.4",
      "resolved": "https://registry.npmjs.org/typescript/-/typescript-4.4.4.tgz",
      "integrity": "sha512-DqGhF5IKoBl8WNf8C1gu8q0xZSInh9j1kJJMqT3a94w1JzVaBU4EXOSMrz9yDqMT0xt3selp83fuFMQ0uzv6qA=="
    }
  }
}
